
Microsoft Visual Studio Solution File, Format Version 12.00
# Visual Studio Version 17
VisualStudioVersion = 17.2.32616.157
MinimumVisualStudioVersion = 10.0.40219.1
Project("{FAE04EC0-301F-11D3-BF4B-00C04F79EFBC}") = "for01", "for\for01.csproj", "{AD209411-4F08-4C05-9488-DA968CFD665F}"
EndProject
Global
	GlobalSection(SolutionConfigurationPlatforms) = preSolution
		Debug|Any CPU = Debug|Any CPU
		Release|Any CPU = Release|Any CPU
	EndGlobalSection
	GlobalSection(ProjectConfigurationPlatforms) = postSolution
		{AD209411-4F08-4C05-9488-DA968CFD665F}.Debug|Any CPU.ActiveCfg = Debug|Any CPU
		{AD209411-4F08-4C05-9488-DA968CFD665F}.Debug|Any CPU.Build.0 = Debug|Any CPU
		{AD209411-4F08-4C05-9488-DA968CFD665F}.Release|Any CPU.ActiveCfg = Release|Any CPU
		{AD209411-4F08-4C05-9488-DA968CFD665F}.Release|Any CPU.Build.0 = Release|Any CPU
	EndGlobalSection
	GlobalSection(SolutionProperties) = preSolution
		HideSolutionNode = FALSE
	EndGlobalSection
	GlobalSection(ExtensibilityGlobals) = postSolution
		SolutionGuid = {8AF47B14-D442-4D19-84BC-1F8A49FB9B9D}
	EndGlobalSection
EndGlobal
