
Microsoft Visual Studio Solution File, Format Version 12.00
# Visual Studio Version 17
VisualStudioVersion = 17.2.32616.157
MinimumVisualStudioVersion = 10.0.40219.1
Project("{FAE04EC0-301F-11D3-BF4B-00C04F79EFBC}") = "ifelsetest", "ifelsetest\ifelsetest.csproj", "{74D251A1-05CD-443D-81D2-0576C5A4CD55}"
EndProject
Global
	GlobalSection(SolutionConfigurationPlatforms) = preSolution
		Debug|Any CPU = Debug|Any CPU
		Release|Any CPU = Release|Any CPU
	EndGlobalSection
	GlobalSection(ProjectConfigurationPlatforms) = postSolution
		{74D251A1-05CD-443D-81D2-0576C5A4CD55}.Debug|Any CPU.ActiveCfg = Debug|Any CPU
		{74D251A1-05CD-443D-81D2-0576C5A4CD55}.Debug|Any CPU.Build.0 = Debug|Any CPU
		{74D251A1-05CD-443D-81D2-0576C5A4CD55}.Release|Any CPU.ActiveCfg = Release|Any CPU
		{74D251A1-05CD-443D-81D2-0576C5A4CD55}.Release|Any CPU.Build.0 = Release|Any CPU
	EndGlobalSection
	GlobalSection(SolutionProperties) = preSolution
		HideSolutionNode = FALSE
	EndGlobalSection
	GlobalSection(ExtensibilityGlobals) = postSolution
		SolutionGuid = {49C1C80C-A0C8-4233-8BCA-C6364567B74C}
	EndGlobalSection
EndGlobal
